// !$*UTF8*$!
{
	archiveVersion = 1;
	classes = {
	};
	objectVersion = 50;
	objects = {

/* Begin PBXBuildFile section */
		C88E13F320F9CA1400CA04A9 /* AppDelegate.swift in Sources */ = {isa = PBXBuildFile; fileRef = C88E13F220F9CA1400CA04A9 /* AppDelegate.swift */; };
		C88E13F520F9CA1400CA04A9 /* ViewController.swift in Sources */ = {isa = PBXBuildFile; fileRef = C88E13F420F9CA1400CA04A9 /* ViewController.swift */; };
		C88E13F820F9CA1400CA04A9 /* Main.storyboard in Resources */ = {isa = PBXBuildFile; fileRef = C88E13F620F9CA1400CA04A9 /* Main.storyboard */; };
		C88E13FA20F9CA1500CA04A9 /* Assets.xcassets in Resources */ = {isa = PBXBuildFile; fileRef = C88E13F920F9CA1500CA04A9 /* Assets.xcassets */; };
		C88E13FD20F9CA1500CA04A9 /* LaunchScreen.storyboard in Resources */ = {isa = PBXBuildFile; fileRef = C88E13FB20F9CA1500CA04A9 /* LaunchScreen.storyboard */; };
		C88E140820F9CA1500CA04A9 /* ios_study_firebase_remote_configTests.swift in Sources */ = {isa = PBXBuildFile; fileRef = C88E140720F9CA1500CA04A9 /* ios_study_firebase_remote_configTests.swift */; };
		C88E141320F9CA1500CA04A9 /* ios_study_firebase_remote_configUITests.swift in Sources */ = {isa = PBXBuildFile; fileRef = C88E141220F9CA1500CA04A9 /* ios_study_firebase_remote_configUITests.swift */; };
/* End PBXBuildFile section */

/* Begin PBXContainerItemProxy section */
		C88E140420F9CA1500CA04A9 /* PBXContainerItemProxy */ = {
			isa = PBXContainerItemProxy;
			containerPortal = C88E13E720F9CA1300CA04A9 /* Project object */;
			proxyType = 1;
			remoteGlobalIDString = C88E13EE20F9CA1400CA04A9;
			remoteInfo = "ios-study-firebase-remote-config";
		};
		C88E140F20F9CA1500CA04A9 /* PBXContainerItemProxy */ = {
			isa = PBXContainerItemProxy;
			containerPortal = C88E13E720F9CA1300CA04A9 /* Project object */;
			proxyType = 1;
			remoteGlobalIDString = C88E13EE20F9CA1400CA04A9;
			remoteInfo = "ios-study-firebase-remote-config";
		};
/* End PBXContainerItemProxy section */

/* Begin PBXFileReference section */
		C88E13EF20F9CA1400CA04A9 /* ios-study-firebase-remote-config.app */ = {isa = PBXFileReference; explicitFileType = wrapper.application; includeInIndex = 0; path = "ios-study-firebase-remote-config.app"; sourceTree = BUILT_PRODUCTS_DIR; };
		C88E13F220F9CA1400CA04A9 /* AppDelegate.swift */ = {isa = PBXFileReference; lastKnownFileType = sourcecode.swift; path = AppDelegate.swift; sourceTree = "<group>"; };
		C88E13F420F9CA1400CA04A9 /* ViewController.swift */ = {isa = PBXFileReference; lastKnownFileType = sourcecode.swift; path = ViewController.swift; sourceTree = "<group>"; };
		C88E13F720F9CA1400CA04A9 /* Base */ = {isa = PBXFileReference; lastKnownFileType = file.storyboard; name = Base; path = Base.lproj/Main.storyboard; sourceTree = "<group>"; };
		C88E13F920F9CA1500CA04A9 /* Assets.xcassets */ = {isa = PBXFileReference; lastKnownFileType = folder.assetcatalog; path = Assets.xcassets; sourceTree = "<group>"; };
		C88E13FC20F9CA1500CA04A9 /* Base */ = {isa = PBXFileReference; lastKnownFileType = file.storyboard; name = Base; path = Base.lproj/LaunchScreen.storyboard; sourceTree = "<group>"; };
		C88E13FE20F9CA1500CA04A9 /* Info.plist */ = {isa = PBXFileReference; lastKnownFileType = text.plist.xml; path = Info.plist; sourceTree = "<group>"; };
		C88E140320F9CA1500CA04A9 /* ios-study-firebase-remote-configTests.xctest */ = {isa = PBXFileReference; explicitFileType = wrapper.cfbundle; includeInIndex = 0; path = "ios-study-firebase-remote-configTests.xctest"; sourceTree = BUILT_PRODUCTS_DIR; };
		C88E140720F9CA1500CA04A9 /* ios_study_firebase_remote_configTests.swift */ = {isa = PBXFileReference; lastKnownFileType = sourcecode.swift; path = ios_study_firebase_remote_configTests.swift; sourceTree = "<group>"; };
		C88E140920F9CA1500CA04A9 /* Info.plist */ = {isa = PBXFileReference; lastKnownFileType = text.plist.xml; path = Info.plist; sourceTree = "<group>"; };
		C88E140E20F9CA1500CA04A9 /* ios-study-firebase-remote-configUITests.xctest */ = {isa = PBXFileReference; explicitFileType = wrapper.cfbundle; includeInIndex = 0; path = "ios-study-firebase-remote-configUITests.xctest"; sourceTree = BUILT_PRODUCTS_DIR; };
		C88E141220F9CA1500CA04A9 /* ios_study_firebase_remote_configUITests.swift */ = {isa = PBXFileReference; lastKnownFileType = sourcecode.swift; path = ios_study_firebase_remote_configUITests.swift; sourceTree = "<group>"; };
		C88E141420F9CA1500CA04A9 /* Info.plist */ = {isa = PBXFileReference; lastKnownFileType = text.plist.xml; path = Info.plist; sourceTree = "<group>"; };
/* End PBXFileReference section */

/* Begin PBXFrameworksBuildPhase section */
		C88E13EC20F9CA1400CA04A9 /* Frameworks */ = {
			isa = PBXFrameworksBuildPhase;
			buildActionMask = 2147483647;
			files = (
			);
			runOnlyForDeploymentPostprocessing = 0;
		};
		C88E140020F9CA1500CA04A9 /* Frameworks */ = {
			isa = PBXFrameworksBuildPhase;
			buildActionMask = 2147483647;
			files = (
			);
			runOnlyForDeploymentPostprocessing = 0;
		};
		C88E140B20F9CA1500CA04A9 /* Frameworks */ = {
			isa = PBXFrameworksBuildPhase;
			buildActionMask = 2147483647;
			files = (
			);
			runOnlyForDeploymentPostprocessing = 0;
		};
/* End PBXFrameworksBuildPhase section */

/* Begin PBXGroup section */
		C88E13E620F9CA1300CA04A9 = {
			isa = PBXGroup;
			children = (
				C88E13F120F9CA1400CA04A9 /* ios-study-firebase-remote-config */,
				C88E140620F9CA1500CA04A9 /* ios-study-firebase-remote-configTests */,
				C88E141120F9CA1500CA04A9 /* ios-study-firebase-remote-configUITests */,
				C88E13F020F9CA1400CA04A9 /* Products */,
			);
			sourceTree = "<group>";
		};
		C88E13F020F9CA1400CA04A9 /* Products */ = {
			isa = PBXGroup;
			children = (
				C88E13EF20F9CA1400CA04A9 /* ios-study-firebase-remote-config.app */,
				C88E140320F9CA1500CA04A9 /* ios-study-firebase-remote-configTests.xctest */,
				C88E140E20F9CA1500CA04A9 /* ios-study-firebase-remote-configUITests.xctest */,
			);
			name = Products;
			sourceTree = "<group>";
		};
		C88E13F120F9CA1400CA04A9 /* ios-study-firebase-remote-config */ = {
			isa = PBXGroup;
			children = (
				C88E13F220F9CA1400CA04A9 /* AppDelegate.swift */,
				C88E13F420F9CA1400CA04A9 /* ViewController.swift */,
				C88E13F620F9CA1400CA04A9 /* Main.storyboard */,
				C88E13F920F9CA1500CA04A9 /* Assets.xcassets */,
				C88E13FB20F9CA1500CA04A9 /* LaunchScreen.storyboard */,
				C88E13FE20F9CA1500CA04A9 /* Info.plist */,
			);
			path = "ios-study-firebase-remote-config";
			sourceTree = "<group>";
		};
		C88E140620F9CA1500CA04A9 /* ios-study-firebase-remote-configTests */ = {
			isa = PBXGroup;
			children = (
				C88E140720F9CA1500CA04A9 /* ios_study_firebase_remote_configTests.swift */,
				C88E140920F9CA1500CA04A9 /* Info.plist */,
			);
			path = "ios-study-firebase-remote-configTests";
			sourceTree = "<group>";
		};
		C88E141120F9CA1500CA04A9 /* ios-study-firebase-remote-configUITests */ = {
			isa = PBXGroup;
			children = (
				C88E141220F9CA1500CA04A9 /* ios_study_firebase_remote_configUITests.swift */,
				C88E141420F9CA1500CA04A9 /* Info.plist */,
			);
			path = "ios-study-firebase-remote-configUITests";
			sourceTree = "<group>";
		};
/* End PBXGroup section */

/* Begin PBXNativeTarget section */
		C88E13EE20F9CA1400CA04A9 /* ios-study-firebase-remote-config */ = {
			isa = PBXNativeTarget;
			buildConfigurationList = C88E141720F9CA1500CA04A9 /* Build configuration list for PBXNativeTarget "ios-study-firebase-remote-config" */;
			buildPhases = (
				C88E13EB20F9CA1400CA04A9 /* Sources */,
				C88E13EC20F9CA1400CA04A9 /* Frameworks */,
				C88E13ED20F9CA1400CA04A9 /* Resources */,
			);
			buildRules = (
			);
			dependencies = (
			);
			name = "ios-study-firebase-remote-config";
			productName = "ios-study-firebase-remote-config";
			productReference = C88E13EF20F9CA1400CA04A9 /* ios-study-firebase-remote-config.app */;
			productType = "com.apple.product-type.application";
		};
		C88E140220F9CA1500CA04A9 /* ios-study-firebase-remote-configTests */ = {
			isa = PBXNativeTarget;
			buildConfigurationList = C88E141A20F9CA1500CA04A9 /* Build configuration list for PBXNativeTarget "ios-study-firebase-remote-configTests" */;
			buildPhases = (
				C88E13FF20F9CA1500CA04A9 /* Sources */,
				C88E140020F9CA1500CA04A9 /* Frameworks */,
				C88E140120F9CA1500CA04A9 /* Resources */,
			);
			buildRules = (
			);
			dependencies = (
				C88E140520F9CA1500CA04A9 /* PBXTargetDependency */,
			);
			name = "ios-study-firebase-remote-configTests";
			productName = "ios-study-firebase-remote-configTests";
			productReference = C88E140320F9CA1500CA04A9 /* ios-study-firebase-remote-configTests.xctest */;
			productType = "com.apple.product-type.bundle.unit-test";
		};
		C88E140D20F9CA1500CA04A9 /* ios-study-firebase-remote-configUITests */ = {
			isa = PBXNativeTarget;
			buildConfigurationList = C88E141D20F9CA1500CA04A9 /* Build configuration list for PBXNativeTarget "ios-study-firebase-remote-configUITests" */;
			buildPhases = (
				C88E140A20F9CA1500CA04A9 /* Sources */,
				C88E140B20F9CA1500CA04A9 /* Frameworks */,
				C88E140C20F9CA1500CA04A9 /* Resources */,
			);
			buildRules = (
			);
			dependencies = (
				C88E141020F9CA1500CA04A9 /* PBXTargetDependency */,
			);
			name = "ios-study-firebase-remote-configUITests";
			productName = "ios-study-firebase-remote-configUITests";
			productReference = C88E140E20F9CA1500CA04A9 /* ios-study-firebase-remote-configUITests.xctest */;
			productType = "com.apple.product-type.bundle.ui-testing";
		};
/* End PBXNativeTarget section */

/* Begin PBXProject section */
		C88E13E720F9CA1300CA04A9 /* Project object */ = {
			isa = PBXProject;
			attributes = {
				LastSwiftUpdateCheck = 0940;
				LastUpgradeCheck = 0940;
				ORGANIZATIONNAME = "Shinichiro Shimoda";
				TargetAttributes = {
					C88E13EE20F9CA1400CA04A9 = {
						CreatedOnToolsVersion = 9.4.1;
					};
					C88E140220F9CA1500CA04A9 = {
						CreatedOnToolsVersion = 9.4.1;
						TestTargetID = C88E13EE20F9CA1400CA04A9;
					};
					C88E140D20F9CA1500CA04A9 = {
						CreatedOnToolsVersion = 9.4.1;
						TestTargetID = C88E13EE20F9CA1400CA04A9;
					};
				};
			};
			buildConfigurationList = C88E13EA20F9CA1300CA04A9 /* Build configuration list for PBXProject "ios-study-firebase-remote-config" */;
			compatibilityVersion = "Xcode 9.3";
			developmentRegion = en;
			hasScannedForEncodings = 0;
			knownRegions = (
				en,
				Base,
			);
			mainGroup = C88E13E620F9CA1300CA04A9;
			productRefGroup = C88E13F020F9CA1400CA04A9 /* Products */;
			projectDirPath = "";
			projectRoot = "";
			targets = (
				C88E13EE20F9CA1400CA04A9 /* ios-study-firebase-remote-config */,
				C88E140220F9CA1500CA04A9 /* ios-study-firebase-remote-configTests */,
				C88E140D20F9CA1500CA04A9 /* ios-study-firebase-remote-configUITests */,
			);
		};
/* End PBXProject section */

/* Begin PBXResourcesBuildPhase section */
		C88E13ED20F9CA1400CA04A9 /* Resources */ = {
			isa = PBXResourcesBuildPhase;
			buildActionMask = 2147483647;
			files = (
				C88E13FD20F9CA1500CA04A9 /* LaunchScreen.storyboard in Resources */,
				C88E13FA20F9CA1500CA04A9 /* Assets.xcassets in Resources */,
				C88E13F820F9CA1400CA04A9 /* Main.storyboard in Resources */,
			);
			runOnlyForDeploymentPostprocessing = 0;
		};
		C88E140120F9CA1500CA04A9 /* Resources */ = {
			isa = PBXResourcesBuildPhase;
			buildActionMask = 2147483647;
			files = (
			);
			runOnlyForDeploymentPostprocessing = 0;
		};
		C88E140C20F9CA1500CA04A9 /* Resources */ = {
			isa = PBXResourcesBuildPhase;
			buildActionMask = 2147483647;
			files = (
			);
			runOnlyForDeploymentPostprocessing = 0;
		};
/* End PBXResourcesBuildPhase section */

/* Begin PBXSourcesBuildPhase section */
		C88E13EB20F9CA1400CA04A9 /* Sources */ = {
			isa = PBXSourcesBuildPhase;
			buildActionMask = 2147483647;
			files = (
				C88E13F520F9CA1400CA04A9 /* ViewController.swift in Sources */,
				C88E13F320F9CA1400CA04A9 /* AppDelegate.swift in Sources */,
			);
			runOnlyForDeploymentPostprocessing = 0;
		};
		C88E13FF20F9CA1500CA04A9 /* Sources */ = {
			isa = PBXSourcesBuildPhase;
			buildActionMask = 2147483647;
			files = (
				C88E140820F9CA1500CA04A9 /* ios_study_firebase_remote_configTests.swift in Sources */,
			);
			runOnlyForDeploymentPostprocessing = 0;
		};
		C88E140A20F9CA1500CA04A9 /* Sources */ = {
			isa = PBXSourcesBuildPhase;
			buildActionMask = 2147483647;
			files = (
				C88E141320F9CA1500CA04A9 /* ios_study_firebase_remote_configUITests.swift in Sources */,
			);
			runOnlyForDeploymentPostprocessing = 0;
		};
/* End PBXSourcesBuildPhase section */

/* Begin PBXTargetDependency section */
		C88E140520F9CA1500CA04A9 /* PBXTargetDependency */ = {
			isa = PBXTargetDependency;
			target = C88E13EE20F9CA1400CA04A9 /* ios-study-firebase-remote-config */;
			targetProxy = C88E140420F9CA1500CA04A9 /* PBXContainerItemProxy */;
		};
		C88E141020F9CA1500CA04A9 /* PBXTargetDependency */ = {
			isa = PBXTargetDependency;
			target = C88E13EE20F9CA1400CA04A9 /* ios-study-firebase-remote-config */;
			targetProxy = C88E140F20F9CA1500CA04A9 /* PBXContainerItemProxy */;
		};
/* End PBXTargetDependency section */

/* Begin PBXVariantGroup section */
		C88E13F620F9CA1400CA04A9 /* Main.storyboard */ = {
			isa = PBXVariantGroup;
			children = (
				C88E13F720F9CA1400CA04A9 /* Base */,
			);
			name = Main.storyboard;
			sourceTree = "<group>";
		};
		C88E13FB20F9CA1500CA04A9 /* LaunchScreen.storyboard */ = {
			isa = PBXVariantGroup;
			children = (
				C88E13FC20F9CA1500CA04A9 /* Base */,
			);
			name = LaunchScreen.storyboard;
			sourceTree = "<group>";
		};
/* End PBXVariantGroup section */

/* Begin XCBuildConfiguration section */
		C88E141520F9CA1500CA04A9 /* Debug */ = {
			isa = XCBuildConfiguration;
			buildSettings = {
				ALWAYS_SEARCH_USER_PATHS = NO;
				CLANG_ANALYZER_NONNULL = YES;
				CLANG_ANALYZER_NUMBER_OBJECT_CONVERSION = YES_AGGRESSIVE;
				CLANG_CXX_LANGUAGE_STANDARD = "gnu++14";
				CLANG_CXX_LIBRARY = "libc++";
				CLANG_ENABLE_MODULES = YES;
				CLANG_ENABLE_OBJC_ARC = YES;
				CLANG_ENABLE_OBJC_WEAK = YES;
				CLANG_WARN_BLOCK_CAPTURE_AUTORELEASING = YES;
				CLANG_WARN_BOOL_CONVERSION = YES;
				CLANG_WARN_COMMA = YES;
				CLANG_WARN_CONSTANT_CONVERSION = YES;
				CLANG_WARN_DEPRECATED_OBJC_IMPLEMENTATIONS = YES;
				CLANG_WARN_DIRECT_OBJC_ISA_USAGE = YES_ERROR;
				CLANG_WARN_DOCUMENTATION_COMMENTS = YES;
				CLANG_WARN_EMPTY_BODY = YES;
				CLANG_WARN_ENUM_CONVERSION = YES;
				CLANG_WARN_INFINITE_RECURSION = YES;
				CLANG_WARN_INT_CONVERSION = YES;
				CLANG_WARN_NON_LITERAL_NULL_CONVERSION = YES;
				CLANG_WARN_OBJC_IMPLICIT_RETAIN_SELF = YES;
				CLANG_WARN_OBJC_LITERAL_CONVERSION = YES;
				CLANG_WARN_OBJC_ROOT_CLASS = YES_ERROR;
				CLANG_WARN_RANGE_LOOP_ANALYSIS = YES;
				CLANG_WARN_STRICT_PROTOTYPES = YES;
				CLANG_WARN_SUSPICIOUS_MOVE = YES;
				CLANG_WARN_UNGUARDED_AVAILABILITY = YES_AGGRESSIVE;
				CLANG_WARN_UNREACHABLE_CODE = YES;
				CLANG_WARN__DUPLICATE_METHOD_MATCH = YES;
				CODE_SIGN_IDENTITY = "iPhone Developer";
				COPY_PHASE_STRIP = NO;
				DEBUG_INFORMATION_FORMAT = dwarf;
				ENABLE_STRICT_OBJC_MSGSEND = YES;
				ENABLE_TESTABILITY = YES;
				GCC_C_LANGUAGE_STANDARD = gnu11;
				GCC_DYNAMIC_NO_PIC = NO;
				GCC_NO_COMMON_BLOCKS = YES;
				GCC_OPTIMIZATION_LEVEL = 0;
				GCC_PREPROCESSOR_DEFINITIONS = (
					"DEBUG=1",
					"$(inherited)",
				);
				GCC_WARN_64_TO_32_BIT_CONVERSION = YES;
				GCC_WARN_ABOUT_RETURN_TYPE = YES_ERROR;
				GCC_WARN_UNDECLARED_SELECTOR = YES;
				GCC_WARN_UNINITIALIZED_AUTOS = YES_AGGRESSIVE;
				GCC_WARN_UNUSED_FUNCTION = YES;
				GCC_WARN_UNUSED_VARIABLE = YES;
				IPHONEOS_DEPLOYMENT_TARGET = 11.4;
				MTL_ENABLE_DEBUG_INFO = YES;
				ONLY_ACTIVE_ARCH = YES;
				SDKROOT = iphoneos;
				SWIFT_ACTIVE_COMPILATION_CONDITIONS = DEBUG;
				SWIFT_OPTIMIZATION_LEVEL = "-Onone";
			};
			name = Debug;
		};
		C88E141620F9CA1500CA04A9 /* Release */ = {
			isa = XCBuildConfiguration;
			buildSettings = {
				ALWAYS_SEARCH_USER_PATHS = NO;
				CLANG_ANALYZER_NONNULL = YES;
				CLANG_ANALYZER_NUMBER_OBJECT_CONVERSION = YES_AGGRESSIVE;
				CLANG_CXX_LANGUAGE_STANDARD = "gnu++14";
				CLANG_CXX_LIBRARY = "libc++";
				CLANG_ENABLE_MODULES = YES;
				CLANG_ENABLE_OBJC_ARC = YES;
				CLANG_ENABLE_OBJC_WEAK = YES;
				CLANG_WARN_BLOCK_CAPTURE_AUTORELEASING = YES;
				CLANG_WARN_BOOL_CONVERSION = YES;
				CLANG_WARN_COMMA = YES;
				CLANG_WARN_CONSTANT_CONVERSION = YES;
				CLANG_WARN_DEPRECATED_OBJC_IMPLEMENTATIONS = YES;
				CLANG_WARN_DIRECT_OBJC_ISA_USAGE = YES_ERROR;
				CLANG_WARN_DOCUMENTATION_COMMENTS = YES;
				CLANG_WARN_EMPTY_BODY = YES;
				CLANG_WARN_ENUM_CONVERSION = YES;
				CLANG_WARN_INFINITE_RECURSION = YES;
				CLANG_WARN_INT_CONVERSION = YES;
				CLANG_WARN_NON_LITERAL_NULL_CONVERSION = YES;
				CLANG_WARN_OBJC_IMPLICIT_RETAIN_SELF = YES;
				CLANG_WARN_OBJC_LITERAL_CONVERSION = YES;
				CLANG_WARN_OBJC_ROOT_CLASS = YES_ERROR;
				CLANG_WARN_RANGE_LOOP_ANALYSIS = YES;
				CLANG_WARN_STRICT_PROTOTYPES = YES;
				CLANG_WARN_SUSPICIOUS_MOVE = YES;
				CLANG_WARN_UNGUARDED_AVAILABILITY = YES_AGGRESSIVE;
				CLANG_WARN_UNREACHABLE_CODE = YES;
				CLANG_WARN__DUPLICATE_METHOD_MATCH = YES;
				CODE_SIGN_IDENTITY = "iPhone Developer";
				COPY_PHASE_STRIP = NO;
				DEBUG_INFORMATION_FORMAT = "dwarf-with-dsym";
				ENABLE_NS_ASSERTIONS = NO;
				ENABLE_STRICT_OBJC_MSGSEND = YES;
				GCC_C_LANGUAGE_STANDARD = gnu11;
				GCC_NO_COMMON_BLOCKS = YES;
				GCC_WARN_64_TO_32_BIT_CONVERSION = YES;
				GCC_WARN_ABOUT_RETURN_TYPE = YES_ERROR;
				GCC_WARN_UNDECLARED_SELECTOR = YES;
				GCC_WARN_UNINITIALIZED_AUTOS = YES_AGGRESSIVE;
				GCC_WARN_UNUSED_FUNCTION = YES;
				GCC_WARN_UNUSED_VARIABLE = YES;
				IPHONEOS_DEPLOYMENT_TARGET = 11.4;
				MTL_ENABLE_DEBUG_INFO = NO;
				SDKROOT = iphoneos;
				SWIFT_COMPILATION_MODE = wholemodule;
				SWIFT_OPTIMIZATION_LEVEL = "-O";
				VALIDATE_PRODUCT = YES;
			};
			name = Release;
		};
		C88E141820F9CA1500CA04A9 /* Debug */ = {
			isa = XCBuildConfiguration;
			buildSettings = {
				ASSETCATALOG_COMPILER_APPICON_NAME = AppIcon;
				CODE_SIGN_STYLE = Automatic;
				DEVELOPMENT_TEAM = L33884E9QM;
				INFOPLIST_FILE = "ios-study-firebase-remote-config/Info.plist";
				LD_RUNPATH_SEARCH_PATHS = (
					"$(inherited)",
					"@executable_path/Frameworks",
				);
				PRODUCT_BUNDLE_IDENTIFIER = "com.shishimo.ios-study-firebase-remote-config";
				PRODUCT_NAME = "$(TARGET_NAME)";
				SWIFT_VERSION = 4.0;
				TARGETED_DEVICE_FAMILY = "1,2";
			};
			name = Debug;
		};
		C88E141920F9CA1500CA04A9 /* Release */ = {
			isa = XCBuildConfiguration;
			buildSettings = {
				ASSETCATALOG_COMPILER_APPICON_NAME = AppIcon;
				CODE_SIGN_STYLE = Automatic;
				DEVELOPMENT_TEAM = L33884E9QM;
				INFOPLIST_FILE = "ios-study-firebase-remote-config/Info.plist";
				LD_RUNPATH_SEARCH_PATHS = (
					"$(inherited)",
					"@executable_path/Frameworks",
				);
				PRODUCT_BUNDLE_IDENTIFIER = "com.shishimo.ios-study-firebase-remote-config";
				PRODUCT_NAME = "$(TARGET_NAME)";
				SWIFT_VERSION = 4.0;
				TARGETED_DEVICE_FAMILY = "1,2";
			};
			name = Release;
		};
		C88E141B20F9CA1500CA04A9 /* Debug */ = {
			isa = XCBuildConfiguration;
			buildSettings = {
				ALWAYS_EMBED_SWIFT_STANDARD_LIBRARIES = YES;
				BUNDLE_LOADER = "$(TEST_HOST)";
				CODE_SIGN_STYLE = Automatic;
				DEVELOPMENT_TEAM = L33884E9QM;
				INFOPLIST_FILE = "ios-study-firebase-remote-configTests/Info.plist";
				LD_RUNPATH_SEARCH_PATHS = (
					"$(inherited)",
					"@executable_path/Frameworks",
					"@loader_path/Frameworks",
				);
				PRODUCT_BUNDLE_IDENTIFIER = "com.shishimo.ios-study-firebase-remote-configTests";
				PRODUCT_NAME = "$(TARGET_NAME)";
				SWIFT_VERSION = 4.0;
				TARGETED_DEVICE_FAMILY = "1,2";
				TEST_HOST = "$(BUILT_PRODUCTS_DIR)/ios-study-firebase-remote-config.app/ios-study-firebase-remote-config";
			};
			name = Debug;
		};
		C88E141C20F9CA1500CA04A9 /* Release */ = {
			isa = XCBuildConfiguration;
			buildSettings = {
				ALWAYS_EMBED_SWIFT_STANDARD_LIBRARIES = YES;
				BUNDLE_LOADER = "$(TEST_HOST)";
				CODE_SIGN_STYLE = Automatic;
				DEVELOPMENT_TEAM = L33884E9QM;
				INFOPLIST_FILE = "ios-study-firebase-remote-configTests/Info.plist";
				LD_RUNPATH_SEARCH_PATHS = (
					"$(inherited)",
					"@executable_path/Frameworks",
					"@loader_path/Frameworks",
				);
				PRODUCT_BUNDLE_IDENTIFIER = "com.shishimo.ios-study-firebase-remote-configTests";
				PRODUCT_NAME = "$(TARGET_NAME)";
				SWIFT_VERSION = 4.0;
				TARGETED_DEVICE_FAMILY = "1,2";
				TEST_HOST = "$(BUILT_PRODUCTS_DIR)/ios-study-firebase-remote-config.app/ios-study-firebase-remote-config";
			};
			name = Release;
		};
		C88E141E20F9CA1500CA04A9 /* Debug */ = {
			isa = XCBuildConfiguration;
			buildSettings = {
				ALWAYS_EMBED_SWIFT_STANDARD_LIBRARIES = YES;
				CODE_SIGN_STYLE = Automatic;
				DEVELOPMENT_TEAM = L33884E9QM;
				INFOPLIST_FILE = "ios-study-firebase-remote-configUITests/Info.plist";
				LD_RUNPATH_SEARCH_PATHS = (
					"$(inherited)",
					"@executable_path/Frameworks",
					"@loader_path/Frameworks",
				);
				PRODUCT_BUNDLE_IDENTIFIER = "com.shishimo.ios-study-firebase-remote-configUITests";
				PRODUCT_NAME = "$(TARGET_NAME)";
				SWIFT_VERSION = 4.0;
				TARGETED_DEVICE_FAMILY = "1,2";
				TEST_TARGET_NAME = "ios-study-firebase-remote-config";
			};
			name = Debug;
		};
		C88E141F20F9CA1500CA04A9 /* Release */ = {
			isa = XCBuildConfiguration;
			buildSettings = {
				ALWAYS_EMBED_SWIFT_STANDARD_LIBRARIES = YES;
				CODE_SIGN_STYLE = Automatic;
				DEVELOPMENT_TEAM = L33884E9QM;
				INFOPLIST_FILE = "ios-study-firebase-remote-configUITests/Info.plist";
				LD_RUNPATH_SEARCH_PATHS = (
					"$(inherited)",
					"@executable_path/Frameworks",
					"@loader_path/Frameworks",
				);
				PRODUCT_BUNDLE_IDENTIFIER = "com.shishimo.ios-study-firebase-remote-configUITests";
				PRODUCT_NAME = "$(TARGET_NAME)";
				SWIFT_VERSION = 4.0;
				TARGETED_DEVICE_FAMILY = "1,2";
				TEST_TARGET_NAME = "ios-study-firebase-remote-config";
			};
			name = Release;
		};
/* End XCBuildConfiguration section */

/* Begin XCConfigurationList section */
		C88E13EA20F9CA1300CA04A9 /* Build configuration list for PBXProject "ios-study-firebase-remote-config" */ = {
			isa = XCConfigurationList;
			buildConfigurations = (
				C88E141520F9CA1500CA04A9 /* Debug */,
				C88E141620F9CA1500CA04A9 /* Release */,
			);
			defaultConfigurationIsVisible = 0;
			defaultConfigurationName = Release;
		};
		C88E141720F9CA1500CA04A9 /* Build configuration list for PBXNativeTarget "ios-study-firebase-remote-config" */ = {
			isa = XCConfigurationList;
			buildConfigurations = (
				C88E141820F9CA1500CA04A9 /* Debug */,
				C88E141920F9CA1500CA04A9 /* Release */,
			);
			defaultConfigurationIsVisible = 0;
			defaultConfigurationName = Release;
		};
		C88E141A20F9CA1500CA04A9 /* Build configuration list for PBXNativeTarget "ios-study-firebase-remote-configTests" */ = {
			isa = XCConfigurationList;
			buildConfigurations = (
				C88E141B20F9CA1500CA04A9 /* Debug */,
				C88E141C20F9CA1500CA04A9 /* Release */,
			);
			defaultConfigurationIsVisible = 0;
			defaultConfigurationName = Release;
		};
		C88E141D20F9CA1500CA04A9 /* Build configuration list for PBXNativeTarget "ios-study-firebase-remote-configUITests" */ = {
			isa = XCConfigurationList;
			buildConfigurations = (
				C88E141E20F9CA1500CA04A9 /* Debug */,
				C88E141F20F9CA1500CA04A9 /* Release */,
			);
			defaultConfigurationIsVisible = 0;
			defaultConfigurationName = Release;
		};
/* End XCConfigurationList section */
	};
	rootObject = C88E13E720F9CA1300CA04A9 /* Project object */;
}
